
Microsoft Visual Studio Solution File, Format Version 12.00
# Visual Studio Version 17
VisualStudioVersion = 17.13.35931.197 d17.13
MinimumVisualStudioVersion = 10.0.40219.1
Project("{FAE04EC0-301F-11D3-BF4B-00C04F79EFBC}") = "WebFormsCalculator", "WebFormsCalculator.csproj", "{D2AB372A-2E24-41EA-83BC-6A7AF664F99C}"
EndProject
Global
	GlobalSection(SolutionConfigurationPlatforms) = preSolution
		Debug|Any CPU = Debug|Any CPU
		Release|Any CPU = Release|Any CPU
	EndGlobalSection
	GlobalSection(ProjectConfigurationPlatforms) = postSolution
		{D2AB372A-2E24-41EA-83BC-6A7AF664F99C}.Debug|Any CPU.ActiveCfg = Debug|Any CPU
		{D2AB372A-2E24-41EA-83BC-6A7AF664F99C}.Debug|Any CPU.Build.0 = Debug|Any CPU
		{D2AB372A-2E24-41EA-83BC-6A7AF664F99C}.Release|Any CPU.ActiveCfg = Release|Any CPU
		{D2AB372A-2E24-41EA-83BC-6A7AF664F99C}.Release|Any CPU.Build.0 = Release|Any CPU
	EndGlobalSection
	GlobalSection(SolutionProperties) = preSolution
		HideSolutionNode = FALSE
	EndGlobalSection
	GlobalSection(ExtensibilityGlobals) = postSolution
		SolutionGuid = {8E3CCC98-8D1E-4EF2-B45D-5746FBC86C6E}
	EndGlobalSection
EndGlobal
